// !$*UTF8*$!
{
	archiveVersion = 1;
	classes = {
	};
	objectVersion = 46;
	objects = {

/* Begin PBXBuildFile section */
		21B907D31B98316300666D28 /* AllocationTracker.cpp in Sources */ = {isa = PBXBuildFile; fileRef = 21B907D21B98316300666D28 /* AllocationTracker.cpp */; };
		21B907D61B98516200666D28 /* NSObject+POSAllocationTracker.mm in Sources */ = {isa = PBXBuildFile; fileRef = 21B907D51B98516200666D28 /* NSObject+POSAllocationTracker.mm */; };
		21B907D81B9882C000666D28 /* POSAllocationTrackerTests.m in Sources */ = {isa = PBXBuildFile; fileRef = 21B907D71B9882C000666D28 /* POSAllocationTrackerTests.m */; };
		21B907DB1B98834400666D28 /* POSAllocationTracker.mm in Sources */ = {isa = PBXBuildFile; fileRef = 21B907DA1B98834400666D28 /* POSAllocationTracker.mm */; };
		21B907DC1B98966A00666D28 /* AllocationTracker.cpp in Sources */ = {isa = PBXBuildFile; fileRef = 21B907D21B98316300666D28 /* AllocationTracker.cpp */; };
		21B907DD1B98967600666D28 /* NSObject+POSAllocationTracker.mm in Sources */ = {isa = PBXBuildFile; fileRef = 21B907D51B98516200666D28 /* NSObject+POSAllocationTracker.mm */; };
		21B907DE1B98967A00666D28 /* POSAllocationTracker.mm in Sources */ = {isa = PBXBuildFile; fileRef = 21B907DA1B98834400666D28 /* POSAllocationTracker.mm */; };
/* End PBXBuildFile section */

/* Begin PBXCopyFilesBuildPhase section */
		21B907B51B982FBC00666D28 /* CopyFiles */ = {
			isa = PBXCopyFilesBuildPhase;
			buildActionMask = 2147483647;
			dstPath = "include/$(PRODUCT_NAME)";
			dstSubfolderSpec = 16;
			files = (
			);
			runOnlyForDeploymentPostprocessing = 0;
		};
/* End PBXCopyFilesBuildPhase section */

/* Begin PBXFileReference section */
		217B9C1A1DA50BE700837570 /* POSAllocationTrackerMacros.h */ = {isa = PBXFileReference; fileEncoding = 4; lastKnownFileType = sourcecode.c.h; path = POSAllocationTrackerMacros.h; sourceTree = "<group>"; };
		21B907B71B982FBC00666D28 /* libPOSAllocationTracker.a */ = {isa = PBXFileReference; explicitFileType = archive.ar; includeInIndex = 0; path = libPOSAllocationTracker.a; sourceTree = BUILT_PRODUCTS_DIR; };
		21B907C21B982FBC00666D28 /* POSAllocationTrackerTests.xctest */ = {isa = PBXFileReference; explicitFileType = wrapper.cfbundle; includeInIndex = 0; path = POSAllocationTrackerTests.xctest; sourceTree = BUILT_PRODUCTS_DIR; };
		21B907C81B982FBC00666D28 /* Info.plist */ = {isa = PBXFileReference; lastKnownFileType = text.plist.xml; path = Info.plist; sourceTree = "<group>"; };
		21B907D11B98311500666D28 /* AllocationTracker.h */ = {isa = PBXFileReference; lastKnownFileType = sourcecode.c.h; path = AllocationTracker.h; sourceTree = "<group>"; };
		21B907D21B98316300666D28 /* AllocationTracker.cpp */ = {isa = PBXFileReference; fileEncoding = 4; lastKnownFileType = sourcecode.cpp.cpp; path = AllocationTracker.cpp; sourceTree = "<group>"; };
		21B907D41B98516200666D28 /* NSObject+POSAllocationTracker.h */ = {isa = PBXFileReference; fileEncoding = 4; lastKnownFileType = sourcecode.c.h; path = "NSObject+POSAllocationTracker.h"; sourceTree = "<group>"; };
		21B907D51B98516200666D28 /* NSObject+POSAllocationTracker.mm */ = {isa = PBXFileReference; fileEncoding = 4; lastKnownFileType = sourcecode.cpp.objcpp; path = "NSObject+POSAllocationTracker.mm"; sourceTree = "<group>"; };
		21B907D71B9882C000666D28 /* POSAllocationTrackerTests.m */ = {isa = PBXFileReference; fileEncoding = 4; lastKnownFileType = sourcecode.c.objc; path = POSAllocationTrackerTests.m; sourceTree = "<group>"; };
		21B907D91B98834400666D28 /* POSAllocationTracker.h */ = {isa = PBXFileReference; fileEncoding = 4; lastKnownFileType = sourcecode.c.h; path = POSAllocationTracker.h; sourceTree = "<group>"; };
		21B907DA1B98834400666D28 /* POSAllocationTracker.mm */ = {isa = PBXFileReference; fileEncoding = 4; lastKnownFileType = sourcecode.cpp.objcpp; path = POSAllocationTracker.mm; sourceTree = "<group>"; };
/* End PBXFileReference section */

/* Begin PBXFrameworksBuildPhase section */
		21B907B41B982FBC00666D28 /* Frameworks */ = {
			isa = PBXFrameworksBuildPhase;
			buildActionMask = 2147483647;
			files = (
			);
			runOnlyForDeploymentPostprocessing = 0;
		};
		21B907BF1B982FBC00666D28 /* Frameworks */ = {
			isa = PBXFrameworksBuildPhase;
			buildActionMask = 2147483647;
			files = (
			);
			runOnlyForDeploymentPostprocessing = 0;
		};
/* End PBXFrameworksBuildPhase section */

/* Begin PBXGroup section */
		21B907AE1B982FBC00666D28 = {
			isa = PBXGroup;
			children = (
				21B907B91B982FBC00666D28 /* POSAllocationTracker */,
				21B907C61B982FBC00666D28 /* POSAllocationTrackerTests */,
				21B907B81B982FBC00666D28 /* Products */,
			);
			sourceTree = "<group>";
		};
		21B907B81B982FBC00666D28 /* Products */ = {
			isa = PBXGroup;
			children = (
				21B907B71B982FBC00666D28 /* libPOSAllocationTracker.a */,
				21B907C21B982FBC00666D28 /* POSAllocationTrackerTests.xctest */,
			);
			name = Products;
			sourceTree = "<group>";
		};
		21B907B91B982FBC00666D28 /* POSAllocationTracker */ = {
			isa = PBXGroup;
			children = (
				21B907D91B98834400666D28 /* POSAllocationTracker.h */,
				21B907DA1B98834400666D28 /* POSAllocationTracker.mm */,
				217B9C1A1DA50BE700837570 /* POSAllocationTrackerMacros.h */,
				21B907D41B98516200666D28 /* NSObject+POSAllocationTracker.h */,
				21B907D51B98516200666D28 /* NSObject+POSAllocationTracker.mm */,
				21B907D11B98311500666D28 /* AllocationTracker.h */,
				21B907D21B98316300666D28 /* AllocationTracker.cpp */,
			);
			path = POSAllocationTracker;
			sourceTree = "<group>";
		};
		21B907C61B982FBC00666D28 /* POSAllocationTrackerTests */ = {
			isa = PBXGroup;
			children = (
				21B907D71B9882C000666D28 /* POSAllocationTrackerTests.m */,
				21B907C71B982FBC00666D28 /* Supporting Files */,
			);
			path = POSAllocationTrackerTests;
			sourceTree = "<group>";
		};
		21B907C71B982FBC00666D28 /* Supporting Files */ = {
			isa = PBXGroup;
			children = (
				21B907C81B982FBC00666D28 /* Info.plist */,
			);
			name = "Supporting Files";
			sourceTree = "<group>";
		};
/* End PBXGroup section */

/* Begin PBXNativeTarget section */
		21B907B61B982FBC00666D28 /* POSAllocationTracker */ = {
			isa = PBXNativeTarget;
			buildConfigurationList = 21B907CB1B982FBC00666D28 /* Build configuration list for PBXNativeTarget "POSAllocationTracker" */;
			buildPhases = (
				21B907B31B982FBC00666D28 /* Sources */,
				21B907B41B982FBC00666D28 /* Frameworks */,
				21B907B51B982FBC00666D28 /* CopyFiles */,
			);
			buildRules = (
			);
			dependencies = (
			);
			name = POSAllocationTracker;
			productName = POSAllocationTracker;
			productReference = 21B907B71B982FBC00666D28 /* libPOSAllocationTracker.a */;
			productType = "com.apple.product-type.library.static";
		};
		21B907C11B982FBC00666D28 /* POSAllocationTrackerTests */ = {
			isa = PBXNativeTarget;
			buildConfigurationList = 21B907CE1B982FBC00666D28 /* Build configuration list for PBXNativeTarget "POSAllocationTrackerTests" */;
			buildPhases = (
				21B907BE1B982FBC00666D28 /* Sources */,
				21B907BF1B982FBC00666D28 /* Frameworks */,
				21B907C01B982FBC00666D28 /* Resources */,
			);
			buildRules = (
			);
			dependencies = (
			);
			name = POSAllocationTrackerTests;
			productName = POSAllocationTrackerTests;
			productReference = 21B907C21B982FBC00666D28 /* POSAllocationTrackerTests.xctest */;
			productType = "com.apple.product-type.bundle.unit-test";
		};
/* End PBXNativeTarget section */

/* Begin PBXProject section */
		21B907AF1B982FBC00666D28 /* Project object */ = {
			isa = PBXProject;
			attributes = {
				LastUpgradeCheck = 0940;
				ORGANIZATIONNAME = "Pavel Osipov";
				TargetAttributes = {
					21B907B61B982FBC00666D28 = {
						CreatedOnToolsVersion = 6.4;
					};
					21B907C11B982FBC00666D28 = {
						CreatedOnToolsVersion = 6.4;
					};
				};
			};
			buildConfigurationList = 21B907B21B982FBC00666D28 /* Build configuration list for PBXProject "POSAllocationTracker" */;
			compatibilityVersion = "Xcode 3.2";
			developmentRegion = English;
			hasScannedForEncodings = 0;
			knownRegions = (
				en,
			);
			mainGroup = 21B907AE1B982FBC00666D28;
			productRefGroup = 21B907B81B982FBC00666D28 /* Products */;
			projectDirPath = "";
			projectRoot = "";
			targets = (
				21B907B61B982FBC00666D28 /* POSAllocationTracker */,
				21B907C11B982FBC00666D28 /* POSAllocationTrackerTests */,
			);
		};
/* End PBXProject section */

/* Begin PBXResourcesBuildPhase section */
		21B907C01B982FBC00666D28 /* Resources */ = {
			isa = PBXResourcesBuildPhase;
			buildActionMask = 2147483647;
			files = (
			);
			runOnlyForDeploymentPostprocessing = 0;
		};
/* End PBXResourcesBuildPhase section */

/* Begin PBXSourcesBuildPhase section */
		21B907B31B982FBC00666D28 /* Sources */ = {
			isa = PBXSourcesBuildPhase;
			buildActionMask = 2147483647;
			files = (
				21B907D31B98316300666D28 /* AllocationTracker.cpp in Sources */,
				21B907DB1B98834400666D28 /* POSAllocationTracker.mm in Sources */,
				21B907D61B98516200666D28 /* NSObject+POSAllocationTracker.mm in Sources */,
			);
			runOnlyForDeploymentPostprocessing = 0;
		};
		21B907BE1B982FBC00666D28 /* Sources */ = {
			isa = PBXSourcesBuildPhase;
			buildActionMask = 2147483647;
			files = (
				21B907DD1B98967600666D28 /* NSObject+POSAllocationTracker.mm in Sources */,
				21B907DC1B98966A00666D28 /* AllocationTracker.cpp in Sources */,
				21B907D81B9882C000666D28 /* POSAllocationTrackerTests.m in Sources */,
				21B907DE1B98967A00666D28 /* POSAllocationTracker.mm in Sources */,
			);
			runOnlyForDeploymentPostprocessing = 0;
		};
/* End PBXSourcesBuildPhase section */

/* Begin XCBuildConfiguration section */
		21B907C91B982FBC00666D28 /* Debug */ = {
			isa = XCBuildConfiguration;
			buildSettings = {
				ALWAYS_SEARCH_USER_PATHS = NO;
				CLANG_CXX_LANGUAGE_STANDARD = "gnu++14";
				CLANG_CXX_LIBRARY = "libc++";
				CLANG_ENABLE_MODULES = YES;
				CLANG_ENABLE_OBJC_ARC = YES;
				CLANG_WARN_BLOCK_CAPTURE_AUTORELEASING = YES;
				CLANG_WARN_BOOL_CONVERSION = YES;
				CLANG_WARN_COMMA = YES;
				CLANG_WARN_CONSTANT_CONVERSION = YES;
				CLANG_WARN_DEPRECATED_OBJC_IMPLEMENTATIONS = YES;
				CLANG_WARN_DIRECT_OBJC_ISA_USAGE = YES_ERROR;
				CLANG_WARN_EMPTY_BODY = YES;
				CLANG_WARN_ENUM_CONVERSION = YES;
				CLANG_WARN_INFINITE_RECURSION = YES;
				CLANG_WARN_INT_CONVERSION = YES;
				CLANG_WARN_NON_LITERAL_NULL_CONVERSION = YES;
				CLANG_WARN_OBJC_IMPLICIT_RETAIN_SELF = YES;
				CLANG_WARN_OBJC_LITERAL_CONVERSION = YES;
				CLANG_WARN_OBJC_ROOT_CLASS = YES_ERROR;
				CLANG_WARN_RANGE_LOOP_ANALYSIS = YES;
				CLANG_WARN_STRICT_PROTOTYPES = YES;
				CLANG_WARN_SUSPICIOUS_MOVE = YES;
				CLANG_WARN_UNREACHABLE_CODE = YES;
				CLANG_WARN__DUPLICATE_METHOD_MATCH = YES;
				COPY_PHASE_STRIP = NO;
				DEBUG_INFORMATION_FORMAT = "dwarf-with-dsym";
				ENABLE_STRICT_OBJC_MSGSEND = YES;
				ENABLE_TESTABILITY = YES;
				GCC_C_LANGUAGE_STANDARD = gnu99;
				GCC_DYNAMIC_NO_PIC = NO;
				GCC_NO_COMMON_BLOCKS = YES;
				GCC_OPTIMIZATION_LEVEL = 0;
				GCC_PREPROCESSOR_DEFINITIONS = (
					"DEBUG=1",
					"$(inherited)",
				);
				GCC_SYMBOLS_PRIVATE_EXTERN = NO;
				GCC_WARN_64_TO_32_BIT_CONVERSION = YES;
				GCC_WARN_ABOUT_RETURN_TYPE = YES_ERROR;
				GCC_WARN_UNDECLARED_SELECTOR = YES;
				GCC_WARN_UNINITIALIZED_AUTOS = YES_AGGRESSIVE;
				GCC_WARN_UNUSED_FUNCTION = YES;
				GCC_WARN_UNUSED_VARIABLE = YES;
				IPHONEOS_DEPLOYMENT_TARGET = 8.4;
				MTL_ENABLE_DEBUG_INFO = YES;
				ONLY_ACTIVE_ARCH = YES;
				SDKROOT = iphoneos;
			};
			name = Debug;
		};
		21B907CA1B982FBC00666D28 /* Release */ = {
			isa = XCBuildConfiguration;
			buildSettings = {
				ALWAYS_SEARCH_USER_PATHS = NO;
				CLANG_CXX_LANGUAGE_STANDARD = "gnu++14";
				CLANG_CXX_LIBRARY = "libc++";
				CLANG_ENABLE_MODULES = YES;
				CLANG_ENABLE_OBJC_ARC = YES;
				CLANG_WARN_BLOCK_CAPTURE_AUTORELEASING = YES;
				CLANG_WARN_BOOL_CONVERSION = YES;
				CLANG_WARN_COMMA = YES;
				CLANG_WARN_CONSTANT_CONVERSION = YES;
				CLANG_WARN_DEPRECATED_OBJC_IMPLEMENTATIONS = YES;
				CLANG_WARN_DIRECT_OBJC_ISA_USAGE = YES_ERROR;
				CLANG_WARN_EMPTY_BODY = YES;
				CLANG_WARN_ENUM_CONVERSION = YES;
				CLANG_WARN_INFINITE_RECURSION = YES;
				CLANG_WARN_INT_CONVERSION = YES;
				CLANG_WARN_NON_LITERAL_NULL_CONVERSION = YES;
				CLANG_WARN_OBJC_IMPLICIT_RETAIN_SELF = YES;
				CLANG_WARN_OBJC_LITERAL_CONVERSION = YES;
				CLANG_WARN_OBJC_ROOT_CLASS = YES_ERROR;
				CLANG_WARN_RANGE_LOOP_ANALYSIS = YES;
				CLANG_WARN_STRICT_PROTOTYPES = YES;
				CLANG_WARN_SUSPICIOUS_MOVE = YES;
				CLANG_WARN_UNREACHABLE_CODE = YES;
				CLANG_WARN__DUPLICATE_METHOD_MATCH = YES;
				COPY_PHASE_STRIP = NO;
				DEBUG_INFORMATION_FORMAT = "dwarf-with-dsym";
				ENABLE_NS_ASSERTIONS = NO;
				ENABLE_STRICT_OBJC_MSGSEND = YES;
				GCC_C_LANGUAGE_STANDARD = gnu99;
				GCC_NO_COMMON_BLOCKS = YES;
				GCC_WARN_64_TO_32_BIT_CONVERSION = YES;
				GCC_WARN_ABOUT_RETURN_TYPE = YES_ERROR;
				GCC_WARN_UNDECLARED_SELECTOR = YES;
				GCC_WARN_UNINITIALIZED_AUTOS = YES_AGGRESSIVE;
				GCC_WARN_UNUSED_FUNCTION = YES;
				GCC_WARN_UNUSED_VARIABLE = YES;
				IPHONEOS_DEPLOYMENT_TARGET = 8.4;
				MTL_ENABLE_DEBUG_INFO = NO;
				SDKROOT = iphoneos;
				VALIDATE_PRODUCT = YES;
			};
			name = Release;
		};
		21B907CC1B982FBC00666D28 /* Debug */ = {
			isa = XCBuildConfiguration;
			buildSettings = {
				OTHER_LDFLAGS = "-ObjC";
				PRODUCT_NAME = "$(TARGET_NAME)";
				SKIP_INSTALL = YES;
			};
			name = Debug;
		};
		21B907CD1B982FBC00666D28 /* Release */ = {
			isa = XCBuildConfiguration;
			buildSettings = {
				OTHER_LDFLAGS = "-ObjC";
				PRODUCT_NAME = "$(TARGET_NAME)";
				SKIP_INSTALL = YES;
			};
			name = Release;
		};
		21B907CF1B982FBC00666D28 /* Debug */ = {
			isa = XCBuildConfiguration;
			buildSettings = {
				"CODE_SIGN_IDENTITY[sdk=iphoneos*]" = "iPhone Developer";
				INFOPLIST_FILE = POSAllocationTrackerTests/Info.plist;
				LD_RUNPATH_SEARCH_PATHS = "$(inherited) @executable_path/Frameworks @loader_path/Frameworks";
				PRODUCT_BUNDLE_IDENTIFIER = "com.github.pavelosipov.$(PRODUCT_NAME:rfc1034identifier)";
				PRODUCT_NAME = "$(TARGET_NAME)";
			};
			name = Debug;
		};
		21B907D01B982FBC00666D28 /* Release */ = {
			isa = XCBuildConfiguration;
			buildSettings = {
				"CODE_SIGN_IDENTITY[sdk=iphoneos*]" = "iPhone Developer";
				INFOPLIST_FILE = POSAllocationTrackerTests/Info.plist;
				LD_RUNPATH_SEARCH_PATHS = "$(inherited) @executable_path/Frameworks @loader_path/Frameworks";
				PRODUCT_BUNDLE_IDENTIFIER = "com.github.pavelosipov.$(PRODUCT_NAME:rfc1034identifier)";
				PRODUCT_NAME = "$(TARGET_NAME)";
			};
			name = Release;
		};
/* End XCBuildConfiguration section */

/* Begin XCConfigurationList section */
		21B907B21B982FBC00666D28 /* Build configuration list for PBXProject "POSAllocationTracker" */ = {
			isa = XCConfigurationList;
			buildConfigurations = (
				21B907C91B982FBC00666D28 /* Debug */,
				21B907CA1B982FBC00666D28 /* Release */,
			);
			defaultConfigurationIsVisible = 0;
			defaultConfigurationName = Release;
		};
		21B907CB1B982FBC00666D28 /* Build configuration list for PBXNativeTarget "POSAllocationTracker" */ = {
			isa = XCConfigurationList;
			buildConfigurations = (
				21B907CC1B982FBC00666D28 /* Debug */,
				21B907CD1B982FBC00666D28 /* Release */,
			);
			defaultConfigurationIsVisible = 0;
			defaultConfigurationName = Release;
		};
		21B907CE1B982FBC00666D28 /* Build configuration list for PBXNativeTarget "POSAllocationTrackerTests" */ = {
			isa = XCConfigurationList;
			buildConfigurations = (
				21B907CF1B982FBC00666D28 /* Debug */,
				21B907D01B982FBC00666D28 /* Release */,
			);
			defaultConfigurationIsVisible = 0;
			defaultConfigurationName = Release;
		};
/* End XCConfigurationList section */
	};
	rootObject = 21B907AF1B982FBC00666D28 /* Project object */;
}
